
Microsoft Visual Studio Solution File, Format Version 12.00
# Visual Studio Version 16
VisualStudioVersion = 16.0.31005.135
MinimumVisualStudioVersion = 10.0.40219.1
Project("{FAE04EC0-301F-11D3-BF4B-00C04F79EFBC}") = "YapilacaklarWepApi", "YapilacaklarWepApi\YapilacaklarWepApi.csproj", "{D985A8B8-E0FC-45DA-B63D-8BB5287D1AB6}"
EndProject
Global
	GlobalSection(SolutionConfigurationPlatforms) = preSolution
		Debug|Any CPU = Debug|Any CPU
		Release|Any CPU = Release|Any CPU
	EndGlobalSection
	GlobalSection(ProjectConfigurationPlatforms) = postSolution
		{D985A8B8-E0FC-45DA-B63D-8BB5287D1AB6}.Debug|Any CPU.ActiveCfg = Debug|Any CPU
		{D985A8B8-E0FC-45DA-B63D-8BB5287D1AB6}.Debug|Any CPU.Build.0 = Debug|Any CPU
		{D985A8B8-E0FC-45DA-B63D-8BB5287D1AB6}.Release|Any CPU.ActiveCfg = Release|Any CPU
		{D985A8B8-E0FC-45DA-B63D-8BB5287D1AB6}.Release|Any CPU.Build.0 = Release|Any CPU
	EndGlobalSection
	GlobalSection(SolutionProperties) = preSolution
		HideSolutionNode = FALSE
	EndGlobalSection
	GlobalSection(ExtensibilityGlobals) = postSolution
		SolutionGuid = {49EBFCB2-F386-4661-92C4-85423D4DF3A9}
	EndGlobalSection
EndGlobal
